%{"calliope": {:hex, :calliope, "0.3.0"},
  "comeonin": {:hex, :comeonin, "1.6.0"},
  "connection": {:hex, :connection, "1.0.2"},
  "cowboy": {:hex, :cowboy, "1.0.4"},
  "cowlib": {:hex, :cowlib, "1.0.2"},
  "decimal": {:hex, :decimal, "1.1.0"},
  "earmark": {:hex, :earmark, "0.1.19"},
  "ecto": {:hex, :ecto, "1.1.0"},
  "eiconv": {:git, "https://github.com/zotonic/eiconv.git", "644fb5e7bd6640fbd073f4d28957914ea979aea0", []},
  "ex_doc": {:hex, :ex_doc, "0.11.2"},
  "fs": {:hex, :fs, "0.9.2"},
  "gen_smtp": {:hex, :gen_smtp, "0.9.0"},
  "mailman": {:git, "https://github.com/kamilc/mailman.git", "773dfbc2c9e2a5315d2f4572f47038d66f3de4d9", []},
  "meck": {:hex, :meck, "0.8.3"},
  "mock": {:hex, :mock, "0.1.1"},
  "phoenix": {:hex, :phoenix, "1.1.0"},
  "phoenix_ecto": {:hex, :phoenix_ecto, "2.0.0"},
  "phoenix_haml": {:git, "git://github.com/chrismccord/phoenix_haml.git", "eadd43b9e68f3c4f3857e32eebf2623d1fc57ccb", []},
  "phoenix_html": {:hex, :phoenix_html, "2.3.0"},
  "phoenix_live_reload": {:hex, :phoenix_live_reload, "1.0.1"},
  "plug": {:hex, :plug, "1.0.3"},
  "poison": {:hex, :poison, "1.5.0"},
  "poolboy": {:hex, :poolboy, "1.5.1"},
  "postgrex": {:hex, :postgrex, "0.10.0"},
  "ranch": {:hex, :ranch, "1.2.0"}}
